// !$*UTF8*$!
{
	archiveVersion = 1;
	classes = {
	};
	objectVersion = 50;
	objects = {

/* Begin PBXBuildFile section */
		257A56BE230D54560006D3BD /* AppDelegate.swift in Sources */ = {isa = PBXBuildFile; fileRef = 257A56BD230D54560006D3BD /* AppDelegate.swift */; };
		257A56C0230D54560006D3BD /* ViewController.swift in Sources */ = {isa = PBXBuildFile; fileRef = 257A56BF230D54560006D3BD /* ViewController.swift */; };
		257A56C3230D54560006D3BD /* Main.storyboard in Resources */ = {isa = PBXBuildFile; fileRef = 257A56C1230D54560006D3BD /* Main.storyboard */; };
		257A56C5230D54570006D3BD /* Assets.xcassets in Resources */ = {isa = PBXBuildFile; fileRef = 257A56C4230D54570006D3BD /* Assets.xcassets */; };
		257A56C8230D54570006D3BD /* LaunchScreen.storyboard in Resources */ = {isa = PBXBuildFile; fileRef = 257A56C6230D54570006D3BD /* LaunchScreen.storyboard */; };
		257A56D1230D5AF40006D3BD /* NotesModel.xcdatamodeld in Sources */ = {isa = PBXBuildFile; fileRef = 257A56CF230D5AF40006D3BD /* NotesModel.xcdatamodeld */; };
		257A56D3230D5B1E0006D3BD /* Model.swift in Sources */ = {isa = PBXBuildFile; fileRef = 257A56D2230D5B1E0006D3BD /* Model.swift */; };
		257A56D5230D5B540006D3BD /* ViewModel.swift in Sources */ = {isa = PBXBuildFile; fileRef = 257A56D4230D5B540006D3BD /* ViewModel.swift */; };
		257A56D7230D89690006D3BD /* Helper.swift in Sources */ = {isa = PBXBuildFile; fileRef = 257A56D6230D89690006D3BD /* Helper.swift */; };
		257A56D9230D96640006D3BD /* Extensions.swift in Sources */ = {isa = PBXBuildFile; fileRef = 257A56D8230D96640006D3BD /* Extensions.swift */; };
/* End PBXBuildFile section */

/* Begin PBXFileReference section */
		257A56BA230D54560006D3BD /* Notes.app */ = {isa = PBXFileReference; explicitFileType = wrapper.application; includeInIndex = 0; path = Notes.app; sourceTree = BUILT_PRODUCTS_DIR; };
		257A56BD230D54560006D3BD /* AppDelegate.swift */ = {isa = PBXFileReference; lastKnownFileType = sourcecode.swift; path = AppDelegate.swift; sourceTree = "<group>"; };
		257A56BF230D54560006D3BD /* ViewController.swift */ = {isa = PBXFileReference; lastKnownFileType = sourcecode.swift; path = ViewController.swift; sourceTree = "<group>"; };
		257A56C2230D54560006D3BD /* Base */ = {isa = PBXFileReference; lastKnownFileType = file.storyboard; name = Base; path = Base.lproj/Main.storyboard; sourceTree = "<group>"; };
		257A56C4230D54570006D3BD /* Assets.xcassets */ = {isa = PBXFileReference; lastKnownFileType = folder.assetcatalog; path = Assets.xcassets; sourceTree = "<group>"; };
		257A56C7230D54570006D3BD /* Base */ = {isa = PBXFileReference; lastKnownFileType = file.storyboard; name = Base; path = Base.lproj/LaunchScreen.storyboard; sourceTree = "<group>"; };
		257A56C9230D54570006D3BD /* Info.plist */ = {isa = PBXFileReference; lastKnownFileType = text.plist.xml; path = Info.plist; sourceTree = "<group>"; };
		257A56D0230D5AF40006D3BD /* NotesModel.xcdatamodel */ = {isa = PBXFileReference; lastKnownFileType = wrapper.xcdatamodel; path = NotesModel.xcdatamodel; sourceTree = "<group>"; };
		257A56D2230D5B1E0006D3BD /* Model.swift */ = {isa = PBXFileReference; lastKnownFileType = sourcecode.swift; path = Model.swift; sourceTree = "<group>"; };
		257A56D4230D5B540006D3BD /* ViewModel.swift */ = {isa = PBXFileReference; lastKnownFileType = sourcecode.swift; path = ViewModel.swift; sourceTree = "<group>"; };
		257A56D6230D89690006D3BD /* Helper.swift */ = {isa = PBXFileReference; lastKnownFileType = sourcecode.swift; path = Helper.swift; sourceTree = "<group>"; };
		257A56D8230D96640006D3BD /* Extensions.swift */ = {isa = PBXFileReference; lastKnownFileType = sourcecode.swift; path = Extensions.swift; sourceTree = "<group>"; };
/* End PBXFileReference section */

/* Begin PBXFrameworksBuildPhase section */
		257A56B7230D54560006D3BD /* Frameworks */ = {
			isa = PBXFrameworksBuildPhase;
			buildActionMask = 2147483647;
			files = (
			);
			runOnlyForDeploymentPostprocessing = 0;
		};
/* End PBXFrameworksBuildPhase section */

/* Begin PBXGroup section */
		257A56B1230D54560006D3BD = {
			isa = PBXGroup;
			children = (
				257A56BC230D54560006D3BD /* Notes */,
				257A56BB230D54560006D3BD /* Products */,
			);
			sourceTree = "<group>";
		};
		257A56BB230D54560006D3BD /* Products */ = {
			isa = PBXGroup;
			children = (
				257A56BA230D54560006D3BD /* Notes.app */,
			);
			name = Products;
			sourceTree = "<group>";
		};
		257A56BC230D54560006D3BD /* Notes */ = {
			isa = PBXGroup;
			children = (
				257A56DA230DADA00006D3BD /* Model */,
				257A56DE230DAE0A0006D3BD /* View */,
				257A56DD230DADF00006D3BD /* Misc */,
				257A56DC230DADDE0006D3BD /* Controller */,
				257A56DB230DADB40006D3BD /* ViewModel */,
				257A56C4230D54570006D3BD /* Assets.xcassets */,
				257A56C6230D54570006D3BD /* LaunchScreen.storyboard */,
				257A56C9230D54570006D3BD /* Info.plist */,
			);
			path = Notes;
			sourceTree = "<group>";
		};
		257A56DA230DADA00006D3BD /* Model */ = {
			isa = PBXGroup;
			children = (
				257A56CF230D5AF40006D3BD /* NotesModel.xcdatamodeld */,
				257A56D2230D5B1E0006D3BD /* Model.swift */,
			);
			path = Model;
			sourceTree = "<group>";
		};
		257A56DB230DADB40006D3BD /* ViewModel */ = {
			isa = PBXGroup;
			children = (
				257A56D4230D5B540006D3BD /* ViewModel.swift */,
			);
			path = ViewModel;
			sourceTree = "<group>";
		};
		257A56DC230DADDE0006D3BD /* Controller */ = {
			isa = PBXGroup;
			children = (
				257A56BF230D54560006D3BD /* ViewController.swift */,
			);
			path = Controller;
			sourceTree = "<group>";
		};
		257A56DD230DADF00006D3BD /* Misc */ = {
			isa = PBXGroup;
			children = (
				257A56BD230D54560006D3BD /* AppDelegate.swift */,
				257A56D8230D96640006D3BD /* Extensions.swift */,
				257A56D6230D89690006D3BD /* Helper.swift */,
			);
			path = Misc;
			sourceTree = "<group>";
		};
		257A56DE230DAE0A0006D3BD /* View */ = {
			isa = PBXGroup;
			children = (
				257A56C1230D54560006D3BD /* Main.storyboard */,
			);
			path = View;
			sourceTree = "<group>";
		};
/* End PBXGroup section */

/* Begin PBXNativeTarget section */
		257A56B9230D54560006D3BD /* Notes */ = {
			isa = PBXNativeTarget;
			buildConfigurationList = 257A56CC230D54570006D3BD /* Build configuration list for PBXNativeTarget "Notes" */;
			buildPhases = (
				257A56B6230D54560006D3BD /* Sources */,
				257A56B7230D54560006D3BD /* Frameworks */,
				257A56B8230D54560006D3BD /* Resources */,
			);
			buildRules = (
			);
			dependencies = (
			);
			name = Notes;
			productName = Notes;
			productReference = 257A56BA230D54560006D3BD /* Notes.app */;
			productType = "com.apple.product-type.application";
		};
/* End PBXNativeTarget section */

/* Begin PBXProject section */
		257A56B2230D54560006D3BD /* Project object */ = {
			isa = PBXProject;
			attributes = {
				LastSwiftUpdateCheck = 1010;
				LastUpgradeCheck = 1010;
				ORGANIZATIONNAME = Karthik;
				TargetAttributes = {
					257A56B9230D54560006D3BD = {
						CreatedOnToolsVersion = 10.1;
					};
				};
			};
			buildConfigurationList = 257A56B5230D54560006D3BD /* Build configuration list for PBXProject "Notes" */;
			compatibilityVersion = "Xcode 9.3";
			developmentRegion = en;
			hasScannedForEncodings = 0;
			knownRegions = (
				en,
				Base,
			);
			mainGroup = 257A56B1230D54560006D3BD;
			productRefGroup = 257A56BB230D54560006D3BD /* Products */;
			projectDirPath = "";
			projectRoot = "";
			targets = (
				257A56B9230D54560006D3BD /* Notes */,
			);
		};
/* End PBXProject section */

/* Begin PBXResourcesBuildPhase section */
		257A56B8230D54560006D3BD /* Resources */ = {
			isa = PBXResourcesBuildPhase;
			buildActionMask = 2147483647;
			files = (
				257A56C8230D54570006D3BD /* LaunchScreen.storyboard in Resources */,
				257A56C5230D54570006D3BD /* Assets.xcassets in Resources */,
				257A56C3230D54560006D3BD /* Main.storyboard in Resources */,
			);
			runOnlyForDeploymentPostprocessing = 0;
		};
/* End PBXResourcesBuildPhase section */

/* Begin PBXSourcesBuildPhase section */
		257A56B6230D54560006D3BD /* Sources */ = {
			isa = PBXSourcesBuildPhase;
			buildActionMask = 2147483647;
			files = (
				257A56D5230D5B540006D3BD /* ViewModel.swift in Sources */,
				257A56D1230D5AF40006D3BD /* NotesModel.xcdatamodeld in Sources */,
				257A56C0230D54560006D3BD /* ViewController.swift in Sources */,
				257A56BE230D54560006D3BD /* AppDelegate.swift in Sources */,
				257A56D3230D5B1E0006D3BD /* Model.swift in Sources */,
				257A56D7230D89690006D3BD /* Helper.swift in Sources */,
				257A56D9230D96640006D3BD /* Extensions.swift in Sources */,
			);
			runOnlyForDeploymentPostprocessing = 0;
		};
/* End PBXSourcesBuildPhase section */

/* Begin PBXVariantGroup section */
		257A56C1230D54560006D3BD /* Main.storyboard */ = {
			isa = PBXVariantGroup;
			children = (
				257A56C2230D54560006D3BD /* Base */,
			);
			name = Main.storyboard;
			sourceTree = "<group>";
		};
		257A56C6230D54570006D3BD /* LaunchScreen.storyboard */ = {
			isa = PBXVariantGroup;
			children = (
				257A56C7230D54570006D3BD /* Base */,
			);
			name = LaunchScreen.storyboard;
			sourceTree = "<group>";
		};
/* End PBXVariantGroup section */

/* Begin XCBuildConfiguration section */
		257A56CA230D54570006D3BD /* Debug */ = {
			isa = XCBuildConfiguration;
			buildSettings = {
				ALWAYS_SEARCH_USER_PATHS = NO;
				CLANG_ANALYZER_NONNULL = YES;
				CLANG_ANALYZER_NUMBER_OBJECT_CONVERSION = YES_AGGRESSIVE;
				CLANG_CXX_LANGUAGE_STANDARD = "gnu++14";
				CLANG_CXX_LIBRARY = "libc++";
				CLANG_ENABLE_MODULES = YES;
				CLANG_ENABLE_OBJC_ARC = YES;
				CLANG_ENABLE_OBJC_WEAK = YES;
				CLANG_WARN_BLOCK_CAPTURE_AUTORELEASING = YES;
				CLANG_WARN_BOOL_CONVERSION = YES;
				CLANG_WARN_COMMA = YES;
				CLANG_WARN_CONSTANT_CONVERSION = YES;
				CLANG_WARN_DEPRECATED_OBJC_IMPLEMENTATIONS = YES;
				CLANG_WARN_DIRECT_OBJC_ISA_USAGE = YES_ERROR;
				CLANG_WARN_DOCUMENTATION_COMMENTS = YES;
				CLANG_WARN_EMPTY_BODY = YES;
				CLANG_WARN_ENUM_CONVERSION = YES;
				CLANG_WARN_INFINITE_RECURSION = YES;
				CLANG_WARN_INT_CONVERSION = YES;
				CLANG_WARN_NON_LITERAL_NULL_CONVERSION = YES;
				CLANG_WARN_OBJC_IMPLICIT_RETAIN_SELF = YES;
				CLANG_WARN_OBJC_LITERAL_CONVERSION = YES;
				CLANG_WARN_OBJC_ROOT_CLASS = YES_ERROR;
				CLANG_WARN_RANGE_LOOP_ANALYSIS = YES;
				CLANG_WARN_STRICT_PROTOTYPES = YES;
				CLANG_WARN_SUSPICIOUS_MOVE = YES;
				CLANG_WARN_UNGUARDED_AVAILABILITY = YES_AGGRESSIVE;
				CLANG_WARN_UNREACHABLE_CODE = YES;
				CLANG_WARN__DUPLICATE_METHOD_MATCH = YES;
				CODE_SIGN_IDENTITY = "iPhone Developer";
				COPY_PHASE_STRIP = NO;
				DEBUG_INFORMATION_FORMAT = dwarf;
				ENABLE_STRICT_OBJC_MSGSEND = YES;
				ENABLE_TESTABILITY = YES;
				GCC_C_LANGUAGE_STANDARD = gnu11;
				GCC_DYNAMIC_NO_PIC = NO;
				GCC_NO_COMMON_BLOCKS = YES;
				GCC_OPTIMIZATION_LEVEL = 0;
				GCC_PREPROCESSOR_DEFINITIONS = (
					"DEBUG=1",
					"$(inherited)",
				);
				GCC_WARN_64_TO_32_BIT_CONVERSION = YES;
				GCC_WARN_ABOUT_RETURN_TYPE = YES_ERROR;
				GCC_WARN_UNDECLARED_SELECTOR = YES;
				GCC_WARN_UNINITIALIZED_AUTOS = YES_AGGRESSIVE;
				GCC_WARN_UNUSED_FUNCTION = YES;
				GCC_WARN_UNUSED_VARIABLE = YES;
				IPHONEOS_DEPLOYMENT_TARGET = 12.1;
				MTL_ENABLE_DEBUG_INFO = INCLUDE_SOURCE;
				MTL_FAST_MATH = YES;
				ONLY_ACTIVE_ARCH = YES;
				SDKROOT = iphoneos;
				SWIFT_ACTIVE_COMPILATION_CONDITIONS = DEBUG;
				SWIFT_OPTIMIZATION_LEVEL = "-Onone";
			};
			name = Debug;
		};
		257A56CB230D54570006D3BD /* Release */ = {
			isa = XCBuildConfiguration;
			buildSettings = {
				ALWAYS_SEARCH_USER_PATHS = NO;
				CLANG_ANALYZER_NONNULL = YES;
				CLANG_ANALYZER_NUMBER_OBJECT_CONVERSION = YES_AGGRESSIVE;
				CLANG_CXX_LANGUAGE_STANDARD = "gnu++14";
				CLANG_CXX_LIBRARY = "libc++";
				CLANG_ENABLE_MODULES = YES;
				CLANG_ENABLE_OBJC_ARC = YES;
				CLANG_ENABLE_OBJC_WEAK = YES;
				CLANG_WARN_BLOCK_CAPTURE_AUTORELEASING = YES;
				CLANG_WARN_BOOL_CONVERSION = YES;
				CLANG_WARN_COMMA = YES;
				CLANG_WARN_CONSTANT_CONVERSION = YES;
				CLANG_WARN_DEPRECATED_OBJC_IMPLEMENTATIONS = YES;
				CLANG_WARN_DIRECT_OBJC_ISA_USAGE = YES_ERROR;
				CLANG_WARN_DOCUMENTATION_COMMENTS = YES;
				CLANG_WARN_EMPTY_BODY = YES;
				CLANG_WARN_ENUM_CONVERSION = YES;
				CLANG_WARN_INFINITE_RECURSION = YES;
				CLANG_WARN_INT_CONVERSION = YES;
				CLANG_WARN_NON_LITERAL_NULL_CONVERSION = YES;
				CLANG_WARN_OBJC_IMPLICIT_RETAIN_SELF = YES;
				CLANG_WARN_OBJC_LITERAL_CONVERSION = YES;
				CLANG_WARN_OBJC_ROOT_CLASS = YES_ERROR;
				CLANG_WARN_RANGE_LOOP_ANALYSIS = YES;
				CLANG_WARN_STRICT_PROTOTYPES = YES;
				CLANG_WARN_SUSPICIOUS_MOVE = YES;
				CLANG_WARN_UNGUARDED_AVAILABILITY = YES_AGGRESSIVE;
				CLANG_WARN_UNREACHABLE_CODE = YES;
				CLANG_WARN__DUPLICATE_METHOD_MATCH = YES;
				CODE_SIGN_IDENTITY = "iPhone Developer";
				COPY_PHASE_STRIP = NO;
				DEBUG_INFORMATION_FORMAT = "dwarf-with-dsym";
				ENABLE_NS_ASSERTIONS = NO;
				ENABLE_STRICT_OBJC_MSGSEND = YES;
				GCC_C_LANGUAGE_STANDARD = gnu11;
				GCC_NO_COMMON_BLOCKS = YES;
				GCC_WARN_64_TO_32_BIT_CONVERSION = YES;
				GCC_WARN_ABOUT_RETURN_TYPE = YES_ERROR;
				GCC_WARN_UNDECLARED_SELECTOR = YES;
				GCC_WARN_UNINITIALIZED_AUTOS = YES_AGGRESSIVE;
				GCC_WARN_UNUSED_FUNCTION = YES;
				GCC_WARN_UNUSED_VARIABLE = YES;
				IPHONEOS_DEPLOYMENT_TARGET = 12.1;
				MTL_ENABLE_DEBUG_INFO = NO;
				MTL_FAST_MATH = YES;
				SDKROOT = iphoneos;
				SWIFT_COMPILATION_MODE = wholemodule;
				SWIFT_OPTIMIZATION_LEVEL = "-O";
				VALIDATE_PRODUCT = YES;
			};
			name = Release;
		};
		257A56CD230D54570006D3BD /* Debug */ = {
			isa = XCBuildConfiguration;
			buildSettings = {
				ASSETCATALOG_COMPILER_APPICON_NAME = AppIcon;
				CODE_SIGN_STYLE = Automatic;
				INFOPLIST_FILE = Notes/Info.plist;
				LD_RUNPATH_SEARCH_PATHS = (
					"$(inherited)",
					"@executable_path/Frameworks",
				);
				PRODUCT_BUNDLE_IDENTIFIER = com.duxetech.Notes;
				PRODUCT_NAME = "$(TARGET_NAME)";
				SWIFT_VERSION = 4.2;
				TARGETED_DEVICE_FAMILY = "1,2";
			};
			name = Debug;
		};
		257A56CE230D54570006D3BD /* Release */ = {
			isa = XCBuildConfiguration;
			buildSettings = {
				ASSETCATALOG_COMPILER_APPICON_NAME = AppIcon;
				CODE_SIGN_STYLE = Automatic;
				INFOPLIST_FILE = Notes/Info.plist;
				LD_RUNPATH_SEARCH_PATHS = (
					"$(inherited)",
					"@executable_path/Frameworks",
				);
				PRODUCT_BUNDLE_IDENTIFIER = com.duxetech.Notes;
				PRODUCT_NAME = "$(TARGET_NAME)";
				SWIFT_VERSION = 4.2;
				TARGETED_DEVICE_FAMILY = "1,2";
			};
			name = Release;
		};
/* End XCBuildConfiguration section */

/* Begin XCConfigurationList section */
		257A56B5230D54560006D3BD /* Build configuration list for PBXProject "Notes" */ = {
			isa = XCConfigurationList;
			buildConfigurations = (
				257A56CA230D54570006D3BD /* Debug */,
				257A56CB230D54570006D3BD /* Release */,
			);
			defaultConfigurationIsVisible = 0;
			defaultConfigurationName = Release;
		};
		257A56CC230D54570006D3BD /* Build configuration list for PBXNativeTarget "Notes" */ = {
			isa = XCConfigurationList;
			buildConfigurations = (
				257A56CD230D54570006D3BD /* Debug */,
				257A56CE230D54570006D3BD /* Release */,
			);
			defaultConfigurationIsVisible = 0;
			defaultConfigurationName = Release;
		};
/* End XCConfigurationList section */

/* Begin XCVersionGroup section */
		257A56CF230D5AF40006D3BD /* NotesModel.xcdatamodeld */ = {
			isa = XCVersionGroup;
			children = (
				257A56D0230D5AF40006D3BD /* NotesModel.xcdatamodel */,
			);
			currentVersion = 257A56D0230D5AF40006D3BD /* NotesModel.xcdatamodel */;
			path = NotesModel.xcdatamodeld;
			sourceTree = "<group>";
			versionGroupType = wrapper.xcdatamodel;
		};
/* End XCVersionGroup section */
	};
	rootObject = 257A56B2230D54560006D3BD /* Project object */;
}
